{
  "nodes": {
    "darwin": {
      "inputs": {
        "nixpkgs": [
          "nixpkgs"
        ]
      },
      "locked": {
        "lastModified": 1668784520,
        "narHash": "sha256-gGgVAMwYPPmrfnvnoRi6OkEB5KRsNTb9uYzEceLdO/g=",
        "owner": "LnL7",
        "repo": "nix-darwin",
        "rev": "6349b99bc2b96ded34d068a88c7c5ced406b7f7f",
        "type": "github"
      },
      "original": {
        "owner": "LnL7",
        "repo": "nix-darwin",
        "type": "github"
      }
    },
    "emacs-overlay": {
      "inputs": {
        "flake-utils": "flake-utils",
        "nixpkgs": "nixpkgs"
      },
      "locked": {
        "lastModified": 1670523171,
        "narHash": "sha256-T8NRgu8jgyNwkwC6Ew31MIXM7RZ17ShA556ZgV5D9N0=",
        "owner": "nix-community",
        "repo": "emacs-overlay",
        "rev": "1b6e5b25af402e9f2fd49cf210cada9444c32504",
        "type": "github"
      },
      "original": {
        "owner": "nix-community",
        "repo": "emacs-overlay",
        "type": "github"
      }
    },
    "flake-compat": {
      "flake": false,
      "locked": {
        "lastModified": 1668681692,
        "narHash": "sha256-Ht91NGdewz8IQLtWZ9LCeNXMSXHUss+9COoqu6JLmXU=",
        "owner": "edolstra",
        "repo": "flake-compat",
        "rev": "009399224d5e398d03b22badca40a37ac85412a1",
        "type": "github"
      },
      "original": {
        "owner": "edolstra",
        "repo": "flake-compat",
        "type": "github"
      }
    },
    "flake-utils": {
      "locked": {
        "lastModified": 1667395993,
        "narHash": "sha256-nuEHfE/LcWyuSWnS8t12N1wc105Qtau+/OdUAjtQ0rA=",
        "owner": "numtide",
        "repo": "flake-utils",
        "rev": "5aed5285a952e0b949eb3ba02c12fa4fcfef535f",
        "type": "github"
      },
      "original": {
        "owner": "numtide",
        "repo": "flake-utils",
        "type": "github"
      }
    },
    "flake-utils_2": {
      "locked": {
        "lastModified": 1667395993,
        "narHash": "sha256-nuEHfE/LcWyuSWnS8t12N1wc105Qtau+/OdUAjtQ0rA=",
        "owner": "numtide",
        "repo": "flake-utils",
        "rev": "5aed5285a952e0b949eb3ba02c12fa4fcfef535f",
        "type": "github"
      },
      "original": {
        "owner": "numtide",
        "repo": "flake-utils",
        "type": "github"
      }
    },
    "hardware": {
      "locked": {
        "lastModified": 1670174919,
        "narHash": "sha256-XdQr3BUnrvVLRFunLWrZORhwYHDG0+9jUUe0Jv1pths=",
        "owner": "nixos",
        "repo": "nixos-hardware",
        "rev": "9d87bc030a0bf3f00e953dbf095a7d8e852dab6b",
        "type": "github"
      },
      "original": {
        "owner": "nixos",
        "repo": "nixos-hardware",
        "type": "github"
      }
    },
    "home-manager": {
      "inputs": {
        "nixpkgs": [
          "nixpkgs"
        ],
        "utils": "utils"
      },
      "locked": {
        "lastModified": 1670513770,
        "narHash": "sha256-muL74fsbGA8K8WlZSPNWddOiuBnC54kAajncX6nXrh4=",
        "owner": "nix-community",
        "repo": "home-manager",
        "rev": "054d9e3187ca00479e8036dc0e92900a384f30fd",
        "type": "github"
      },
      "original": {
        "owner": "nix-community",
        "repo": "home-manager",
        "type": "github"
      }
    },
    "neovim-flake": {
      "inputs": {
        "flake-utils": "flake-utils_2",
        "nixpkgs": [
          "neovim-nightly-overlay",
          "nixpkgs"
        ]
      },
      "locked": {
        "dir": "contrib",
        "lastModified": 1670456396,
        "narHash": "sha256-6fxtnH/Rg+LHTZvhyVFYDrf/6HdbM/GwcS577jJLjE0=",
        "owner": "neovim",
        "repo": "neovim",
        "rev": "a505c1acc37b0f9d4f7d93bfe899a59514bd0027",
        "type": "github"
      },
      "original": {
        "dir": "contrib",
        "owner": "neovim",
        "repo": "neovim",
        "type": "github"
      }
    },
    "neovim-nightly-overlay": {
      "inputs": {
        "flake-compat": "flake-compat",
        "neovim-flake": "neovim-flake",
        "nixpkgs": "nixpkgs_2"
      },
      "locked": {
        "lastModified": 1670487314,
        "narHash": "sha256-xTWIQy/qIoiYJPMPYBLkDuHu0atL8wEwdkAFWHgpxmA=",
        "owner": "nix-community",
        "repo": "neovim-nightly-overlay",
        "rev": "80d3d1a731b201ebae521d01fa6e8fa3e0f02628",
        "type": "github"
      },
      "original": {
        "owner": "nix-community",
        "repo": "neovim-nightly-overlay",
        "type": "github"
      }
    },
    "nixpkgs": {
      "locked": {
        "lastModified": 1670498129,
        "narHash": "sha256-QOWbsKObHxNpBzrIVJrgR2TGQdwyYNFgBdoVCCvYuDU=",
        "owner": "NixOS",
        "repo": "nixpkgs",
        "rev": "52665b05cfd702e12b877aa519b62374d003231a",
        "type": "github"
      },
      "original": {
        "id": "nixpkgs",
        "type": "indirect"
      }
    },
    "nixpkgs_2": {
      "locked": {
        "lastModified": 1670267727,
        "narHash": "sha256-hUFAn5gjNHIBpLQT0CmqpuQjQwgWUm+D6aziGAYsDmw=",
        "owner": "nixos",
        "repo": "nixpkgs",
        "rev": "a5f661b80e4c163510a5013b585a040a5c7ef55e",
        "type": "github"
      },
      "original": {
        "owner": "nixos",
        "ref": "nixpkgs-unstable",
        "repo": "nixpkgs",
        "type": "github"
      }
    },
    "nixpkgs_3": {
      "locked": {
        "lastModified": 1670332253,
        "narHash": "sha256-O5SmhlIUt1s+vK4NXeGYqwcBIMwbBPAEZ3GHE3XT28c=",
        "owner": "nixos",
        "repo": "nixpkgs",
        "rev": "1c9ffcf70786f0966982ce0fc76ec05df2e1dec2",
        "type": "github"
      },
      "original": {
        "owner": "nixos",
        "ref": "nixos-unstable",
        "repo": "nixpkgs",
        "type": "github"
      }
    },
    "root": {
      "inputs": {
        "darwin": "darwin",
        "emacs-overlay": "emacs-overlay",
        "hardware": "hardware",
        "home-manager": "home-manager",
        "neovim-nightly-overlay": "neovim-nightly-overlay",
        "nixpkgs": "nixpkgs_3"
      }
    },
    "utils": {
      "locked": {
        "lastModified": 1667395993,
        "narHash": "sha256-nuEHfE/LcWyuSWnS8t12N1wc105Qtau+/OdUAjtQ0rA=",
        "owner": "numtide",
        "repo": "flake-utils",
        "rev": "5aed5285a952e0b949eb3ba02c12fa4fcfef535f",
        "type": "github"
      },
      "original": {
        "owner": "numtide",
        "repo": "flake-utils",
        "type": "github"
      }
    }
  },
  "root": "root",
  "version": 7
}
